
Microsoft Visual Studio Solution File, Format Version 12.00
# Visual Studio Version 17
VisualStudioVersion = 17.14.36518.9 d17.14
MinimumVisualStudioVersion = 10.0.40219.1
Project("{FAE04EC0-301F-11D3-BF4B-00C04F79EFBC}") = "ChatServer", "ChatServer\ChatServer.csproj", "{3D24A2DC-E03D-43B8-8740-D4B3533FF81D}"
EndProject
Global
	GlobalSection(SolutionConfigurationPlatforms) = preSolution
		Debug|Any CPU = Debug|Any CPU
		Release|Any CPU = Release|Any CPU
	EndGlobalSection
	GlobalSection(ProjectConfigurationPlatforms) = postSolution
		{3D24A2DC-E03D-43B8-8740-D4B3533FF81D}.Debug|Any CPU.ActiveCfg = Debug|Any CPU
		{3D24A2DC-E03D-43B8-8740-D4B3533FF81D}.Debug|Any CPU.Build.0 = Debug|Any CPU
		{3D24A2DC-E03D-43B8-8740-D4B3533FF81D}.Release|Any CPU.ActiveCfg = Release|Any CPU
		{3D24A2DC-E03D-43B8-8740-D4B3533FF81D}.Release|Any CPU.Build.0 = Release|Any CPU
	EndGlobalSection
	GlobalSection(SolutionProperties) = preSolution
		HideSolutionNode = FALSE
	EndGlobalSection
	GlobalSection(ExtensibilityGlobals) = postSolution
		SolutionGuid = {20620AAA-66D1-4A5D-AFB5-2C7AE718092F}
	EndGlobalSection
EndGlobal
